
Microsoft Visual Studio Solution File, Format Version 12.00
# Visual Studio Version 17
VisualStudioVersion = 17.12.35521.163
MinimumVisualStudioVersion = 10.0.40219.1
Project("{FAE04EC0-301F-11D3-BF4B-00C04F79EFBC}") = "Palindrome Number", "LeetCodeSolutions\Palindrome Number.csproj", "{3ED5894F-7036-410C-954B-D16983E13FEB}"
EndProject
Project("{FAE04EC0-301F-11D3-BF4B-00C04F79EFBC}") = "RomanToInteger", "RomanToInteger\RomanToInteger.csproj", "{69D32703-D92D-4347-85A6-BAE1CA1823C1}"
EndProject
Project("{FAE04EC0-301F-11D3-BF4B-00C04F79EFBC}") = "TwoSum", "TwoSum\TwoSum.csproj", "{A3307540-0B93-42B1-AD37-515D4621E914}"
EndProject
Project("{FAE04EC0-301F-11D3-BF4B-00C04F79EFBC}") = "LongestCommonPrefix", "LongestCommonPrefix\LongestCommonPrefix.csproj", "{2A59F096-693C-4DE5-BC08-055F4CDC69D5}"
EndProject
Project("{FAE04EC0-301F-11D3-BF4B-00C04F79EFBC}") = "ValidParantheses", "ValidParantheses\ValidParantheses.csproj", "{7DCDE0F9-2E8B-4213-AC88-C7FC9FE36985}"
EndProject
Project("{FAE04EC0-301F-11D3-BF4B-00C04F79EFBC}") = "RemoveDuplicatesFromSortedArray", "RemoveDuplicatesFromSortedArray\RemoveDuplicatesFromSortedArray.csproj", "{0FF1B142-4936-45FC-9575-1080E1BFB68D}"
EndProject
Project("{FAE04EC0-301F-11D3-BF4B-00C04F79EFBC}") = "RemoveElement", "RemoveElement\RemoveElement.csproj", "{27519E6D-E343-4B35-8FC7-972E649FB4C6}"
EndProject
Global
	GlobalSection(SolutionConfigurationPlatforms) = preSolution
		Debug|Any CPU = Debug|Any CPU
		Release|Any CPU = Release|Any CPU
	EndGlobalSection
	GlobalSection(ProjectConfigurationPlatforms) = postSolution
		{3ED5894F-7036-410C-954B-D16983E13FEB}.Debug|Any CPU.ActiveCfg = Debug|Any CPU
		{3ED5894F-7036-410C-954B-D16983E13FEB}.Debug|Any CPU.Build.0 = Debug|Any CPU
		{3ED5894F-7036-410C-954B-D16983E13FEB}.Release|Any CPU.ActiveCfg = Release|Any CPU
		{3ED5894F-7036-410C-954B-D16983E13FEB}.Release|Any CPU.Build.0 = Release|Any CPU
		{69D32703-D92D-4347-85A6-BAE1CA1823C1}.Debug|Any CPU.ActiveCfg = Debug|Any CPU
		{69D32703-D92D-4347-85A6-BAE1CA1823C1}.Debug|Any CPU.Build.0 = Debug|Any CPU
		{69D32703-D92D-4347-85A6-BAE1CA1823C1}.Release|Any CPU.ActiveCfg = Release|Any CPU
		{69D32703-D92D-4347-85A6-BAE1CA1823C1}.Release|Any CPU.Build.0 = Release|Any CPU
		{A3307540-0B93-42B1-AD37-515D4621E914}.Debug|Any CPU.ActiveCfg = Debug|Any CPU
		{A3307540-0B93-42B1-AD37-515D4621E914}.Debug|Any CPU.Build.0 = Debug|Any CPU
		{A3307540-0B93-42B1-AD37-515D4621E914}.Release|Any CPU.ActiveCfg = Release|Any CPU
		{A3307540-0B93-42B1-AD37-515D4621E914}.Release|Any CPU.Build.0 = Release|Any CPU
		{2A59F096-693C-4DE5-BC08-055F4CDC69D5}.Debug|Any CPU.ActiveCfg = Debug|Any CPU
		{2A59F096-693C-4DE5-BC08-055F4CDC69D5}.Debug|Any CPU.Build.0 = Debug|Any CPU
		{2A59F096-693C-4DE5-BC08-055F4CDC69D5}.Release|Any CPU.ActiveCfg = Release|Any CPU
		{2A59F096-693C-4DE5-BC08-055F4CDC69D5}.Release|Any CPU.Build.0 = Release|Any CPU
		{7DCDE0F9-2E8B-4213-AC88-C7FC9FE36985}.Debug|Any CPU.ActiveCfg = Debug|Any CPU
		{7DCDE0F9-2E8B-4213-AC88-C7FC9FE36985}.Debug|Any CPU.Build.0 = Debug|Any CPU
		{7DCDE0F9-2E8B-4213-AC88-C7FC9FE36985}.Release|Any CPU.ActiveCfg = Release|Any CPU
		{7DCDE0F9-2E8B-4213-AC88-C7FC9FE36985}.Release|Any CPU.Build.0 = Release|Any CPU
		{0FF1B142-4936-45FC-9575-1080E1BFB68D}.Debug|Any CPU.ActiveCfg = Debug|Any CPU
		{0FF1B142-4936-45FC-9575-1080E1BFB68D}.Debug|Any CPU.Build.0 = Debug|Any CPU
		{0FF1B142-4936-45FC-9575-1080E1BFB68D}.Release|Any CPU.ActiveCfg = Release|Any CPU
		{0FF1B142-4936-45FC-9575-1080E1BFB68D}.Release|Any CPU.Build.0 = Release|Any CPU
		{27519E6D-E343-4B35-8FC7-972E649FB4C6}.Debug|Any CPU.ActiveCfg = Debug|Any CPU
		{27519E6D-E343-4B35-8FC7-972E649FB4C6}.Debug|Any CPU.Build.0 = Debug|Any CPU
		{27519E6D-E343-4B35-8FC7-972E649FB4C6}.Release|Any CPU.ActiveCfg = Release|Any CPU
		{27519E6D-E343-4B35-8FC7-972E649FB4C6}.Release|Any CPU.Build.0 = Release|Any CPU
	EndGlobalSection
	GlobalSection(SolutionProperties) = preSolution
		HideSolutionNode = FALSE
	EndGlobalSection
EndGlobal
